
Microsoft Visual Studio Solution File, Format Version 12.00
# Visual Studio Version 16
VisualStudioVersion = 16.0.31005.135
MinimumVisualStudioVersion = 10.0.40219.1
Project("{E24C65DC-7377-472B-9ABA-BC803B73C61A}") = "jobst.Web", "jobst.Web\", "{5224555A-1EF3-4B23-9380-D41FE43F1E2B}"
	ProjectSection(WebsiteProperties) = preProject
		TargetFrameworkMoniker = ".NETFramework,Version%3Dv4.7.2"
		Debug.AspNetCompiler.VirtualPath = "/localhost_8353"
		Debug.AspNetCompiler.PhysicalPath = "jobst.Web\"
		Debug.AspNetCompiler.TargetPath = "PrecompiledWeb\localhost_8353\"
		Debug.AspNetCompiler.Updateable = "true"
		Debug.AspNetCompiler.ForceOverwrite = "true"
		Debug.AspNetCompiler.FixedNames = "false"
		Debug.AspNetCompiler.Debug = "True"
		Release.AspNetCompiler.VirtualPath = "/localhost_8353"
		Release.AspNetCompiler.PhysicalPath = "jobst.Web\"
		Release.AspNetCompiler.TargetPath = "PrecompiledWeb\localhost_8353\"
		Release.AspNetCompiler.Updateable = "true"
		Release.AspNetCompiler.ForceOverwrite = "true"
		Release.AspNetCompiler.FixedNames = "false"
		Release.AspNetCompiler.Debug = "False"
		VWDPort = "8353"
		SlnRelativePath = "jobst.Web\"
		DefaultWebSiteLanguage = "Visual C#"
	EndProjectSection
	ProjectSection(ProjectDependencies) = postProject
		{619D0683-D9B2-45E8-BA9A-6D9022BC3163} = {619D0683-D9B2-45E8-BA9A-6D9022BC3163}
	EndProjectSection
EndProject
Project("{9A19103F-16F7-4668-BE54-9A1E7A4F7556}") = "jobst.Core", "jobst.Core\jobst.Core.csproj", "{619D0683-D9B2-45E8-BA9A-6D9022BC3163}"
EndProject
Global
	GlobalSection(SolutionConfigurationPlatforms) = preSolution
		Debug|Any CPU = Debug|Any CPU
		Release|Any CPU = Release|Any CPU
	EndGlobalSection
	GlobalSection(ProjectConfigurationPlatforms) = postSolution
		{5224555A-1EF3-4B23-9380-D41FE43F1E2B}.Debug|Any CPU.ActiveCfg = Debug|Any CPU
		{5224555A-1EF3-4B23-9380-D41FE43F1E2B}.Release|Any CPU.ActiveCfg = Debug|Any CPU
		{619D0683-D9B2-45E8-BA9A-6D9022BC3163}.Debug|Any CPU.ActiveCfg = Debug|Any CPU
		{619D0683-D9B2-45E8-BA9A-6D9022BC3163}.Debug|Any CPU.Build.0 = Debug|Any CPU
		{619D0683-D9B2-45E8-BA9A-6D9022BC3163}.Release|Any CPU.ActiveCfg = Release|Any CPU
		{619D0683-D9B2-45E8-BA9A-6D9022BC3163}.Release|Any CPU.Build.0 = Release|Any CPU
	EndGlobalSection
	GlobalSection(SolutionProperties) = preSolution
		HideSolutionNode = FALSE
	EndGlobalSection
	GlobalSection(ExtensibilityGlobals) = postSolution
		SolutionGuid = {B1A72221-B786-4E3A-811F-38BF68AB4864}
	EndGlobalSection
EndGlobal
